
Microsoft Visual Studio Solution File, Format Version 12.00
# Visual Studio 15
VisualStudioVersion = 15.0.27428.2037
MinimumVisualStudioVersion = 10.0.40219.1
Project("{FAE04EC0-301F-11D3-BF4B-00C04F79EFBC}") = "imwireless", "imwireless\imwireless.csproj", "{CFC114C3-02DD-46F8-890C-46ABF68AA778}"
EndProject
Global
	GlobalSection(SolutionConfigurationPlatforms) = preSolution
		Debug|Any CPU = Debug|Any CPU
		Release|Any CPU = Release|Any CPU
	EndGlobalSection
	GlobalSection(ProjectConfigurationPlatforms) = postSolution
		{CFC114C3-02DD-46F8-890C-46ABF68AA778}.Debug|Any CPU.ActiveCfg = Debug|Any CPU
		{CFC114C3-02DD-46F8-890C-46ABF68AA778}.Debug|Any CPU.Build.0 = Debug|Any CPU
		{CFC114C3-02DD-46F8-890C-46ABF68AA778}.Release|Any CPU.ActiveCfg = Release|Any CPU
		{CFC114C3-02DD-46F8-890C-46ABF68AA778}.Release|Any CPU.Build.0 = Release|Any CPU
	EndGlobalSection
	GlobalSection(SolutionProperties) = preSolution
		HideSolutionNode = FALSE
	EndGlobalSection
	GlobalSection(ExtensibilityGlobals) = postSolution
		SolutionGuid = {378035B2-7D67-456A-8C44-7E1045978D2E}
	EndGlobalSection
EndGlobal
